<Solution>
  <Folder Name="/src/">
    <Project Path="src/PRChecker.App/PRChecker.App.csproj">
      <Platform Project="x64" />
    </Project>
    <Project Path="src/PRChecker.Core/PRChecker.Core.csproj" />
  </Folder>
  <Folder Name="/tests/">
    <Project Path="tests/PRChecker.Core.Tests/PRChecker.Core.Tests.csproj" />
  </Folder>
</Solution>
